
Microsoft Visual Studio Solution File, Format Version 12.00
# Visual Studio 14
VisualStudioVersion = 14.0.24720.0
MinimumVisualStudioVersion = 10.0.40219.1
Project("{FAE04EC0-301F-11D3-BF4B-00C04F79EFBC}") = "HelloPeopleTests", "HelloPeopleTests\HelloPeopleTests.csproj", "{FCF5D711-8F84-417E-B15B-885A89975DF1}"
EndProject
Project("{2150E333-8FDC-42A3-9474-1A3956D46DE8}") = "Solution Items", "Solution Items", "{142F51F2-CDA1-4BA5-9CF0-A08EF5AF74F5}"
	ProjectSection(SolutionItems) = preProject
		Readme.md = Readme.md
	EndProjectSection
EndProject
Global
	GlobalSection(SolutionConfigurationPlatforms) = preSolution
		Debug|Any CPU = Debug|Any CPU
		Release|Any CPU = Release|Any CPU
	EndGlobalSection
	GlobalSection(ProjectConfigurationPlatforms) = postSolution
		{FCF5D711-8F84-417E-B15B-885A89975DF1}.Debug|Any CPU.ActiveCfg = Debug|Any CPU
		{FCF5D711-8F84-417E-B15B-885A89975DF1}.Debug|Any CPU.Build.0 = Debug|Any CPU
		{FCF5D711-8F84-417E-B15B-885A89975DF1}.Release|Any CPU.ActiveCfg = Release|Any CPU
		{FCF5D711-8F84-417E-B15B-885A89975DF1}.Release|Any CPU.Build.0 = Release|Any CPU
	EndGlobalSection
	GlobalSection(SolutionProperties) = preSolution
		HideSolutionNode = FALSE
	EndGlobalSection
EndGlobal
